{
  "name": "slick-outline-obsidian",
  "version": "1.0.0",
  "lockfileVersion": 3,
  "requires": true,
  "packages": {
    "": {
      "name": "slick-outline-obsidian",
      "version": "1.0.0",
      "license": "MIT",
      "dependencies": {
        "@lezer/markdown": "^1.4.3",
        "react": "^18.3.1",
        "react-dom": "^18.3.1"
      },
      "devDependencies": {
        "@codemirror/language": "^6.11.0",
        "@codemirror/state": "6.5.0",
        "@codemirror/view": "6.38.6",
        "@types/node": "^22.15.17",
        "@types/react": "^18.3.24",
        "@types/react-dom": "^18.3.7",
        "esbuild": "0.25.5",
        "obsidian": "latest",
        "typescript": "^5.8.3"
      }
    },
    "node_modules/@codemirror/language": {
      "version": "6.12.4",
      "resolved": "https://ms-feed-25.pkgs.visualstudio.com/1es-public/_packaging/npm-public/npm/registry/@codemirror/language/-/language-6.12.4.tgz",
      "integrity": "sha1-AecP1ao6igZ/8d/sddW2OUzfoFg=",
      "dev": true,
      "license": "MIT",
      "dependencies": {
        "@codemirror/state": "^6.0.0",
        "@codemirror/view": "^6.23.0",
        "@lezer/common": "^1.5.0",
        "@lezer/highlight": "^1.0.0",
        "@lezer/lr": "^1.0.0",
        "style-mod": "^4.0.0"
      }
    },
    "node_modules/@codemirror/state": {
      "version": "6.5.0",
      "resolved": "https://ms-feed-25.pkgs.visualstudio.com/1es-public/_packaging/npm-public/npm/registry/@codemirror/state/-/state-6.5.0.tgz",
      "integrity": "sha1-6Y3ehWIGGGUVQxUv4cJIMwCgzMk=",
      "dev": true,
      "license": "MIT",
      "dependencies": {
        "@marijn/find-cluster-break": "^1.0.0"
      }
    },
    "node_modules/@codemirror/view": {
      "version": "6.38.6",
      "resolved": "https://ms-feed-25.pkgs.visualstudio.com/1es-public/_packaging/npm-public/npm/registry/@codemirror/view/-/view-6.38.6.tgz",
      "integrity": "sha1-JdnfBxOTgBGWwxECXSyqelUjwmw=",
      "dev": true,
      "license": "MIT",
      "dependencies": {
        "@codemirror/state": "^6.5.0",
        "crelt": "^1.0.6",
        "style-mod": "^4.1.0",
        "w3c-keyname": "^2.2.4"
      }
    },
    "node_modules/@esbuild/aix-ppc64": {
      "version": "0.25.5",
      "resolved": "https://ms-feed-25.pkgs.visualstudio.com/1es-public/_packaging/npm-public/npm/registry/@esbuild/aix-ppc64/-/aix-ppc64-0.25.5.tgz",
      "integrity": "sha1-Tg+Rd2wrNA51VY9gVSGV9vrQnxg=",
      "cpu": [
        "ppc64"
      ],
      "dev": true,
      "license": "MIT",
      "optional": true,
      "os": [
        "aix"
      ],
      "engines": {
        "node": ">=18"
      }
    },
    "node_modules/@esbuild/android-arm": {
      "version": "0.25.5",
      "resolved": "https://ms-feed-25.pkgs.visualstudio.com/1es-public/_packaging/npm-public/npm/registry/@esbuild/android-arm/-/android-arm-0.25.5.tgz",
      "integrity": "sha1-QpDW00B7rjiDrSze0QgaI0RzziY=",
      "cpu": [
        "arm"
      ],
      "dev": true,
      "license": "MIT",
      "optional": true,
      "os": [
        "android"
      ],
      "engines": {
        "node": ">=18"
      }
    },
    "node_modules/@esbuild/android-arm64": {
      "version": "0.25.5",
      "resolved": "https://ms-feed-25.pkgs.visualstudio.com/1es-public/_packaging/npm-public/npm/registry/@esbuild/android-arm64/-/android-arm64-0.25.5.tgz",
      "integrity": "sha1-vHZkB/FxiSP2uAecjGG/hqw6ak8=",
      "cpu": [
        "arm64"
      ],
      "dev": true,
      "license": "MIT",
      "optional": true,
      "os": [
        "android"
      ],
      "engines": {
        "node": ">=18"
      }
    },
    "node_modules/@esbuild/android-x64": {
      "version": "0.25.5",
      "resolved": "https://ms-feed-25.pkgs.visualstudio.com/1es-public/_packaging/npm-public/npm/registry/@esbuild/android-x64/-/android-x64-0.25.5.tgz",
      "integrity": "sha1-QMEdnLyk8kBlSMipiV0yG8OzXv8=",
      "cpu": [
        "x64"
      ],
      "dev": true,
      "license": "MIT",
      "optional": true,
      "os": [
        "android"
      ],
      "engines": {
        "node": ">=18"
      }
    },
    "node_modules/@esbuild/darwin-arm64": {
      "version": "0.25.5",
      "resolved": "https://ms-feed-25.pkgs.visualstudio.com/1es-public/_packaging/npm-public/npm/registry/@esbuild/darwin-arm64/-/darwin-arm64-0.25.5.tgz",
      "integrity": "sha1-Sdi/ix35X3WayB6x0HNgGABtfjQ=",
      "cpu": [
        "arm64"
      ],
      "dev": true,
      "license": "MIT",
      "optional": true,
      "os": [
        "darwin"
      ],
      "engines": {
        "node": ">=18"
      }
    },
    "node_modules/@esbuild/darwin-x64": {
      "version": "0.25.5",
      "resolved": "https://ms-feed-25.pkgs.visualstudio.com/1es-public/_packaging/npm-public/npm/registry/@esbuild/darwin-x64/-/darwin-x64-0.25.5.tgz",
      "integrity": "sha1-4npdkqFIhu8dSS/VD8YaLU2H5Bg=",
      "cpu": [
        "x64"
      ],
      "dev": true,
      "license": "MIT",
      "optional": true,
      "os": [
        "darwin"
      ],
      "engines": {
        "node": ">=18"
      }
    },
    "node_modules/@esbuild/freebsd-arm64": {
      "version": "0.25.5",
      "resolved": "https://ms-feed-25.pkgs.visualstudio.com/1es-public/_packaging/npm-public/npm/registry/@esbuild/freebsd-arm64/-/freebsd-arm64-0.25.5.tgz",
      "integrity": "sha1-l87eWdY4hAyhBOYFzbnxsRi6Cxw=",
      "cpu": [
        "arm64"
      ],
      "dev": true,
      "license": "MIT",
      "optional": true,
      "os": [
        "freebsd"
      ],
      "engines": {
        "node": ">=18"
      }
    },
    "node_modules/@esbuild/freebsd-x64": {
      "version": "0.25.5",
      "resolved": "https://ms-feed-25.pkgs.visualstudio.com/1es-public/_packaging/npm-public/npm/registry/@esbuild/freebsd-x64/-/freebsd-x64-0.25.5.tgz",
      "integrity": "sha1-ccd4EgQqGoGQw9WB4UDRW4drnG8=",
      "cpu": [
        "x64"
      ],
      "dev": true,
      "license": "MIT",
      "optional": true,
      "os": [
        "freebsd"
      ],
      "engines": {
        "node": ">=18"
      }
    },
    "node_modules/@esbuild/linux-arm": {
      "version": "0.25.5",
      "resolved": "https://ms-feed-25.pkgs.visualstudio.com/1es-public/_packaging/npm-public/npm/registry/@esbuild/linux-arm/-/linux-arm-0.25.5.tgz",
      "integrity": "sha1-KgvnG2zYIB+lWa6kVZjf+rwF2RE=",
      "cpu": [
        "arm"
      ],
      "dev": true,
      "license": "MIT",
      "optional": true,
      "os": [
        "linux"
      ],
      "engines": {
        "node": ">=18"
      }
    },
    "node_modules/@esbuild/linux-arm64": {
      "version": "0.25.5",
      "resolved": "https://ms-feed-25.pkgs.visualstudio.com/1es-public/_packaging/npm-public/npm/registry/@esbuild/linux-arm64/-/linux-arm64-0.25.5.tgz",
      "integrity": "sha1-97fI+X7/j/0uR/bGfrXJdl8hgbg=",
      "cpu": [
        "arm64"
      ],
      "dev": true,
      "license": "MIT",
      "optional": true,
      "os": [
        "linux"
      ],
      "engines": {
        "node": ">=18"
      }
    },
    "node_modules/@esbuild/linux-ia32": {
      "version": "0.25.5",
      "resolved": "https://ms-feed-25.pkgs.visualstudio.com/1es-public/_packaging/npm-public/npm/registry/@esbuild/linux-ia32/-/linux-ia32-0.25.5.tgz",
      "integrity": "sha1-djQURjzZ6m+h+WVV0nYvn4TGF4M=",
      "cpu": [
        "ia32"
      ],
      "dev": true,
      "license": "MIT",
      "optional": true,
      "os": [
        "linux"
      ],
      "engines": {
        "node": ">=18"
      }
    },
    "node_modules/@esbuild/linux-loong64": {
      "version": "0.25.5",
      "resolved": "https://ms-feed-25.pkgs.visualstudio.com/1es-public/_packaging/npm-public/npm/registry/@esbuild/linux-loong64/-/linux-loong64-0.25.5.tgz",
      "integrity": "sha1-QozyIT/3hqUCpSyWzynR/PHrhQY=",
      "cpu": [
        "loong64"
      ],
      "dev": true,
      "license": "MIT",
      "optional": true,
      "os": [
        "linux"
      ],
      "engines": {
        "node": ">=18"
      }
    },
    "node_modules/@esbuild/linux-mips64el": {
      "version": "0.25.5",
      "resolved": "https://ms-feed-25.pkgs.visualstudio.com/1es-public/_packaging/npm-public/npm/registry/@esbuild/linux-mips64el/-/linux-mips64el-0.25.5.tgz",
      "integrity": "sha1-XLzH/YQbTNUzWK/TNSfNOU4yXZY=",
      "cpu": [
        "mips64el"
      ],
      "dev": true,
      "license": "MIT",
      "optional": true,
      "os": [
        "linux"
      ],
      "engines": {
        "node": ">=18"
      }
    },
    "node_modules/@esbuild/linux-ppc64": {
      "version": "0.25.5",
      "resolved": "https://ms-feed-25.pkgs.visualstudio.com/1es-public/_packaging/npm-public/npm/registry/@esbuild/linux-ppc64/-/linux-ppc64-0.25.5.tgz",
      "integrity": "sha1-DZVKs5zk9eUPAMT4xP04+XbBOtk=",
      "cpu": [
        "ppc64"
      ],
      "dev": true,
      "license": "MIT",
      "optional": true,
      "os": [
        "linux"
      ],
      "engines": {
        "node": ">=18"
      }
    },
    "node_modules/@esbuild/linux-riscv64": {
      "version": "0.25.5",
      "resolved": "https://ms-feed-25.pkgs.visualstudio.com/1es-public/_packaging/npm-public/npm/registry/@esbuild/linux-riscv64/-/linux-riscv64-0.25.5.tgz",
      "integrity": "sha1-Dn3TBzBQWr2AiDIehJfpS1R7+x4=",
      "cpu": [
        "riscv64"
      ],
      "dev": true,
      "license": "MIT",
      "optional": true,
      "os": [
        "linux"
      ],
      "engines": {
        "node": ">=18"
      }
    },
    "node_modules/@esbuild/linux-s390x": {
      "version": "0.25.5",
      "resolved": "https://ms-feed-25.pkgs.visualstudio.com/1es-public/_packaging/npm-public/npm/registry/@esbuild/linux-s390x/-/linux-s390x-0.25.5.tgz",
      "integrity": "sha1-VmmvgTJ6OYozbX5A4yC1u9bm5y0=",
      "cpu": [
        "s390x"
      ],
      "dev": true,
      "license": "MIT",
      "optional": true,
      "os": [
        "linux"
      ],
      "engines": {
        "node": ">=18"
      }
    },
    "node_modules/@esbuild/linux-x64": {
      "version": "0.25.5",
      "resolved": "https://ms-feed-25.pkgs.visualstudio.com/1es-public/_packaging/npm-public/npm/registry/@esbuild/linux-x64/-/linux-x64-0.25.5.tgz",
      "integrity": "sha1-sjV90VOqSQOJZ93B/9kMaKnSoNQ=",
      "cpu": [
        "x64"
      ],
      "dev": true,
      "license": "MIT",
      "optional": true,
      "os": [
        "linux"
      ],
      "engines": {
        "node": ">=18"
      }
    },
    "node_modules/@esbuild/netbsd-arm64": {
      "version": "0.25.5",
      "resolved": "https://ms-feed-25.pkgs.visualstudio.com/1es-public/_packaging/npm-public/npm/registry/@esbuild/netbsd-arm64/-/netbsd-arm64-0.25.5.tgz",
      "integrity": "sha1-U7TfuP4c7pN3fJ42aJO9Paprpj0=",
      "cpu": [
        "arm64"
      ],
      "dev": true,
      "license": "MIT",
      "optional": true,
      "os": [
        "netbsd"
      ],
      "engines": {
        "node": ">=18"
      }
    },
    "node_modules/@esbuild/netbsd-x64": {
      "version": "0.25.5",
      "resolved": "https://ms-feed-25.pkgs.visualstudio.com/1es-public/_packaging/npm-public/npm/registry/@esbuild/netbsd-x64/-/netbsd-x64-0.25.5.tgz",
      "integrity": "sha1-oCBvYxTOfchxO3cycD0PWN4dHnk=",
      "cpu": [
        "x64"
      ],
      "dev": true,
      "license": "MIT",
      "optional": true,
      "os": [
        "netbsd"
      ],
      "engines": {
        "node": ">=18"
      }
    },
    "node_modules/@esbuild/openbsd-arm64": {
      "version": "0.25.5",
      "resolved": "https://ms-feed-25.pkgs.visualstudio.com/1es-public/_packaging/npm-public/npm/registry/@esbuild/openbsd-arm64/-/openbsd-arm64-0.25.5.tgz",
      "integrity": "sha1-Knlsh8ROjeeAAdgIx32UiiHsIv0=",
      "cpu": [
        "arm64"
      ],
      "dev": true,
      "license": "MIT",
      "optional": true,
      "os": [
        "openbsd"
      ],
      "engines": {
        "node": ">=18"
      }
    },
    "node_modules/@esbuild/openbsd-x64": {
      "version": "0.25.5",
      "resolved": "https://ms-feed-25.pkgs.visualstudio.com/1es-public/_packaging/npm-public/npm/registry/@esbuild/openbsd-x64/-/openbsd-x64-0.25.5.tgz",
      "integrity": "sha1-KNDNiQm3+jlTr5mPKy7TT1dnKPA=",
      "cpu": [
        "x64"
      ],
      "dev": true,
      "license": "MIT",
      "optional": true,
      "os": [
        "openbsd"
      ],
      "engines": {
        "node": ">=18"
      }
    },
    "node_modules/@esbuild/sunos-x64": {
      "version": "0.25.5",
      "resolved": "https://ms-feed-25.pkgs.visualstudio.com/1es-public/_packaging/npm-public/npm/registry/@esbuild/sunos-x64/-/sunos-x64-0.25.5.tgz",
      "integrity": "sha1-ooFk9bmX6CR9QH42yQ0/1d2+DcU=",
      "cpu": [
        "x64"
      ],
      "dev": true,
      "license": "MIT",
      "optional": true,
      "os": [
        "sunos"
      ],
      "engines": {
        "node": ">=18"
      }
    },
    "node_modules/@esbuild/win32-arm64": {
      "version": "0.25.5",
      "resolved": "https://ms-feed-25.pkgs.visualstudio.com/1es-public/_packaging/npm-public/npm/registry/@esbuild/win32-arm64/-/win32-arm64-0.25.5.tgz",
      "integrity": "sha1-bq2+rTjovRL2M6UZDkXv+A4kAH4=",
      "cpu": [
        "arm64"
      ],
      "dev": true,
      "license": "MIT",
      "optional": true,
      "os": [
        "win32"
      ],
      "engines": {
        "node": ">=18"
      }
    },
    "node_modules/@esbuild/win32-ia32": {
      "version": "0.25.5",
      "resolved": "https://ms-feed-25.pkgs.visualstudio.com/1es-public/_packaging/npm-public/npm/registry/@esbuild/win32-ia32/-/win32-ia32-0.25.5.tgz",
      "integrity": "sha1-urYogAVIL57Srbne1+iOuppizA0=",
      "cpu": [
        "ia32"
      ],
      "dev": true,
      "license": "MIT",
      "optional": true,
      "os": [
        "win32"
      ],
      "engines": {
        "node": ">=18"
      }
    },
    "node_modules/@esbuild/win32-x64": {
      "version": "0.25.5",
      "resolved": "https://ms-feed-25.pkgs.visualstudio.com/1es-public/_packaging/npm-public/npm/registry/@esbuild/win32-x64/-/win32-x64-0.25.5.tgz",
      "integrity": "sha1-f8EUr19lY/GfczJLXV/zbs4IA9E=",
      "cpu": [
        "x64"
      ],
      "dev": true,
      "license": "MIT",
      "optional": true,
      "os": [
        "win32"
      ],
      "engines": {
        "node": ">=18"
      }
    },
    "node_modules/@lezer/common": {
      "version": "1.5.2",
      "resolved": "https://ms-feed-25.pkgs.visualstudio.com/1es-public/_packaging/npm-public/npm/registry/@lezer/common/-/common-1.5.2.tgz",
      "integrity": "sha1-1oQNsTd54/G0LnDJqXxAhtEvriI=",
      "license": "MIT"
    },
    "node_modules/@lezer/highlight": {
      "version": "1.2.3",
      "resolved": "https://ms-feed-25.pkgs.visualstudio.com/1es-public/_packaging/npm-public/npm/registry/@lezer/highlight/-/highlight-1.2.3.tgz",
      "integrity": "sha1-og8yS3EUii6pum/0Lli7+uxwKFc=",
      "license": "MIT",
      "dependencies": {
        "@lezer/common": "^1.3.0"
      }
    },
    "node_modules/@lezer/lr": {
      "version": "1.4.10",
      "resolved": "https://ms-feed-25.pkgs.visualstudio.com/1es-public/_packaging/npm-public/npm/registry/@lezer/lr/-/lr-1.4.10.tgz",
      "integrity": "sha1-s6zDblrQSbdN23cZWU5+dNkWH/U=",
      "dev": true,
      "license": "MIT",
      "dependencies": {
        "@lezer/common": "^1.0.0"
      }
    },
    "node_modules/@lezer/markdown": {
      "version": "1.7.2",
      "resolved": "https://ms-feed-25.pkgs.visualstudio.com/1es-public/_packaging/npm-public/npm/registry/@lezer/markdown/-/markdown-1.7.2.tgz",
      "integrity": "sha1-3+AkmBPcj6pgtGWaTKK42m3K91M=",
      "license": "MIT",
      "dependencies": {
        "@lezer/common": "^1.5.0",
        "@lezer/highlight": "^1.0.0"
      }
    },
    "node_modules/@marijn/find-cluster-break": {
      "version": "1.0.4",
      "resolved": "https://ms-feed-25.pkgs.visualstudio.com/1es-public/_packaging/npm-public/npm/registry/@marijn/find-cluster-break/-/find-cluster-break-1.0.4.tgz",
      "integrity": "sha1-QsKuphzaMHzbE0dER5JFLXtdv7Q=",
      "dev": true,
      "license": "MIT"
    },
    "node_modules/@types/codemirror": {
      "version": "5.60.8",
      "resolved": "https://ms-feed-25.pkgs.visualstudio.com/1es-public/_packaging/npm-public/npm/registry/@types/codemirror/-/codemirror-5.60.8.tgz",
      "integrity": "sha1-tkfQS0cOjhg23YSyh5mI/FXJ3mg=",
      "dev": true,
      "license": "MIT",
      "dependencies": {
        "@types/tern": "*"
      }
    },
    "node_modules/@types/estree": {
      "version": "1.0.9",
      "resolved": "https://ms-feed-25.pkgs.visualstudio.com/1es-public/_packaging/npm-public/npm/registry/@types/estree/-/estree-1.0.9.tgz",
      "integrity": "sha1-zz8Oh2177hWpOrkluCv1cKOQSiQ=",
      "dev": true,
      "license": "MIT"
    },
    "node_modules/@types/node": {
      "version": "22.20.2",
      "resolved": "https://ms-feed-25.pkgs.visualstudio.com/1es-public/_packaging/npm-public/npm/registry/@types/node/-/node-22.20.2.tgz",
      "integrity": "sha1-2q53e19ZZaWH9QzIDVNkwt3yfjY=",
      "dev": true,
      "license": "MIT",
      "dependencies": {
        "undici-types": "~6.21.0"
      }
    },
    "node_modules/@types/prop-types": {
      "version": "15.7.15",
      "resolved": "https://ms-feed-25.pkgs.visualstudio.com/1es-public/_packaging/npm-public/npm/registry/@types/prop-types/-/prop-types-15.7.15.tgz",
      "integrity": "sha1-5uWobWAr6spxzlFj+t9fldcJMcc=",
      "dev": true,
      "license": "MIT"
    },
    "node_modules/@types/react": {
      "version": "18.3.31",
      "resolved": "https://ms-feed-25.pkgs.visualstudio.com/1es-public/_packaging/npm-public/npm/registry/@types/react/-/react-18.3.31.tgz",
      "integrity": "sha1-teleKP/M6rjZgvM/LrB24XZTwqQ=",
      "dev": true,
      "license": "MIT",
      "dependencies": {
        "@types/prop-types": "*",
        "csstype": "^3.2.2"
      }
    },
    "node_modules/@types/react-dom": {
      "version": "18.3.7",
      "resolved": "https://ms-feed-25.pkgs.visualstudio.com/1es-public/_packaging/npm-public/npm/registry/@types/react-dom/-/react-dom-18.3.7.tgz",
      "integrity": "sha1-uJ3fLNg7T+r8xOLqQa/fuVoNGU8=",
      "dev": true,
      "license": "MIT",
      "peerDependencies": {
        "@types/react": "^18.0.0"
      }
    },
    "node_modules/@types/tern": {
      "version": "0.23.9",
      "resolved": "https://ms-feed-25.pkgs.visualstudio.com/1es-public/_packaging/npm-public/npm/registry/@types/tern/-/tern-0.23.9.tgz",
      "integrity": "sha1-b2CTpKmvPmu43eUo4CSSTRlrNnw=",
      "dev": true,
      "license": "MIT",
      "dependencies": {
        "@types/estree": "*"
      }
    },
    "node_modules/crelt": {
      "version": "1.0.7",
      "resolved": "https://ms-feed-25.pkgs.visualstudio.com/1es-public/_packaging/npm-public/npm/registry/crelt/-/crelt-1.0.7.tgz",
      "integrity": "sha1-O0QbLd+nMWHWoncKpM1nf4leryg=",
      "dev": true,
      "license": "MIT"
    },
    "node_modules/csstype": {
      "version": "3.2.3",
      "resolved": "https://ms-feed-25.pkgs.visualstudio.com/1es-public/_packaging/npm-public/npm/registry/csstype/-/csstype-3.2.3.tgz",
      "integrity": "sha1-7EjA8+mT5QZIyG2lWeJhCZXPmJo=",
      "dev": true,
      "license": "MIT"
    },
    "node_modules/esbuild": {
      "version": "0.25.5",
      "resolved": "https://ms-feed-25.pkgs.visualstudio.com/1es-public/_packaging/npm-public/npm/registry/esbuild/-/esbuild-0.25.5.tgz",
      "integrity": "sha1-cQdQVJk/3652xmWG+bnB+Nft1DA=",
      "dev": true,
      "hasInstallScript": true,
      "license": "MIT",
      "bin": {
        "esbuild": "bin/esbuild"
      },
      "engines": {
        "node": ">=18"
      },
      "optionalDependencies": {
        "@esbuild/aix-ppc64": "0.25.5",
        "@esbuild/android-arm": "0.25.5",
        "@esbuild/android-arm64": "0.25.5",
        "@esbuild/android-x64": "0.25.5",
        "@esbuild/darwin-arm64": "0.25.5",
        "@esbuild/darwin-x64": "0.25.5",
        "@esbuild/freebsd-arm64": "0.25.5",
        "@esbuild/freebsd-x64": "0.25.5",
        "@esbuild/linux-arm": "0.25.5",
        "@esbuild/linux-arm64": "0.25.5",
        "@esbuild/linux-ia32": "0.25.5",
        "@esbuild/linux-loong64": "0.25.5",
        "@esbuild/linux-mips64el": "0.25.5",
        "@esbuild/linux-ppc64": "0.25.5",
        "@esbuild/linux-riscv64": "0.25.5",
        "@esbuild/linux-s390x": "0.25.5",
        "@esbuild/linux-x64": "0.25.5",
        "@esbuild/netbsd-arm64": "0.25.5",
        "@esbuild/netbsd-x64": "0.25.5",
        "@esbuild/openbsd-arm64": "0.25.5",
        "@esbuild/openbsd-x64": "0.25.5",
        "@esbuild/sunos-x64": "0.25.5",
        "@esbuild/win32-arm64": "0.25.5",
        "@esbuild/win32-ia32": "0.25.5",
        "@esbuild/win32-x64": "0.25.5"
      }
    },
    "node_modules/js-tokens": {
      "version": "4.0.0",
      "resolved": "https://ms-feed-25.pkgs.visualstudio.com/1es-public/_packaging/npm-public/npm/registry/js-tokens/-/js-tokens-4.0.0.tgz",
      "integrity": "sha1-GSA/tZmR35jjoocFDUZHzerzJJk=",
      "license": "MIT"
    },
    "node_modules/loose-envify": {
      "version": "1.4.0",
      "resolved": "https://ms-feed-25.pkgs.visualstudio.com/1es-public/_packaging/npm-public/npm/registry/loose-envify/-/loose-envify-1.4.0.tgz",
      "integrity": "sha1-ce5R+nvkyuwaY4OffmgtgTLTDK8=",
      "license": "MIT",
      "dependencies": {
        "js-tokens": "^3.0.0 || ^4.0.0"
      },
      "bin": {
        "loose-envify": "cli.js"
      }
    },
    "node_modules/moment": {
      "version": "2.29.4",
      "resolved": "https://ms-feed-25.pkgs.visualstudio.com/1es-public/_packaging/npm-public/npm/registry/moment/-/moment-2.29.4.tgz",
      "integrity": "sha1-Pb4FKIn+fBsu2Wb8s6dzKJZO8Qg=",
      "dev": true,
      "license": "MIT",
      "engines": {
        "node": "*"
      }
    },
    "node_modules/obsidian": {
      "version": "1.13.1",
      "resolved": "https://ms-feed-25.pkgs.visualstudio.com/1es-public/_packaging/npm-public/npm/registry/obsidian/-/obsidian-1.13.1.tgz",
      "integrity": "sha1-PcKA1J6DkaDilYypDucabUX9FNY=",
      "dev": true,
      "license": "MIT",
      "dependencies": {
        "@types/codemirror": "5.60.8",
        "moment": "2.29.4"
      },
      "peerDependencies": {
        "@codemirror/state": "6.5.0",
        "@codemirror/view": "6.38.6"
      }
    },
    "node_modules/react": {
      "version": "18.3.1",
      "resolved": "https://ms-feed-25.pkgs.visualstudio.com/1es-public/_packaging/npm-public/npm/registry/react/-/react-18.3.1.tgz",
      "integrity": "sha1-SauJIAnFOTNiW9FrJTP8dUyrKJE=",
      "license": "MIT",
      "dependencies": {
        "loose-envify": "^1.1.0"
      },
      "engines": {
        "node": ">=0.10.0"
      }
    },
    "node_modules/react-dom": {
      "version": "18.3.1",
      "resolved": "https://ms-feed-25.pkgs.visualstudio.com/1es-public/_packaging/npm-public/npm/registry/react-dom/-/react-dom-18.3.1.tgz",
      "integrity": "sha1-wiZdeVEbV9R5s90/36UVNklMXLQ=",
      "license": "MIT",
      "dependencies": {
        "loose-envify": "^1.1.0",
        "scheduler": "^0.23.2"
      },
      "peerDependencies": {
        "react": "^18.3.1"
      }
    },
    "node_modules/scheduler": {
      "version": "0.23.2",
      "resolved": "https://ms-feed-25.pkgs.visualstudio.com/1es-public/_packaging/npm-public/npm/registry/scheduler/-/scheduler-0.23.2.tgz",
      "integrity": "sha1-QUumSjsoKJLpRM8hCOzAeNEVzcM=",
      "license": "MIT",
      "dependencies": {
        "loose-envify": "^1.1.0"
      }
    },
    "node_modules/style-mod": {
      "version": "4.1.3",
      "resolved": "https://ms-feed-25.pkgs.visualstudio.com/1es-public/_packaging/npm-public/npm/registry/style-mod/-/style-mod-4.1.3.tgz",
      "integrity": "sha1-bpASJVu3mb2sN+KI92cbXXG/n3M=",
      "dev": true,
      "license": "MIT"
    },
    "node_modules/typescript": {
      "version": "5.9.3",
      "resolved": "https://ms-feed-25.pkgs.visualstudio.com/1es-public/_packaging/npm-public/npm/registry/typescript/-/typescript-5.9.3.tgz",
      "integrity": "sha1-W09Z4VMQqxeiFvXWz1PuR27eZw8=",
      "dev": true,
      "license": "Apache-2.0",
      "bin": {
        "tsc": "bin/tsc",
        "tsserver": "bin/tsserver"
      },
      "engines": {
        "node": ">=14.17"
      }
    },
    "node_modules/undici-types": {
      "version": "6.21.0",
      "resolved": "https://ms-feed-25.pkgs.visualstudio.com/1es-public/_packaging/npm-public/npm/registry/undici-types/-/undici-types-6.21.0.tgz",
      "integrity": "sha1-aR0ArzkJvpOn+qE75hs6W1DvEss=",
      "dev": true,
      "license": "MIT"
    },
    "node_modules/w3c-keyname": {
      "version": "2.2.8",
      "resolved": "https://ms-feed-25.pkgs.visualstudio.com/1es-public/_packaging/npm-public/npm/registry/w3c-keyname/-/w3c-keyname-2.2.8.tgz",
      "integrity": "sha1-exfIxog9TouGrIq6edOeiA+IacU=",
      "dev": true,
      "license": "MIT"
    }
  }
}
